# @generated by Move, please check-in and do not edit manually.

[move]
version = 2
manifest_digest = "74F3F23CB3AF9228A4F581031C4EC2A4CE8FA1198E2CB68BEA4908CDB2730CB7"
deps_digest = "F8BBB0CCB2491CA29A3DF03D6F92277A4F3574266507ACD77214D37ECA3F3082"
dependencies = [
  { name = "Sui" },
]

[[move.package]]
name = "MoveStdlib"
source = { git = "https://github.com/MystenLabs/sui.git", rev = "framework/testnet", subdir = "crates/sui-framework/packages/move-stdlib" }

[[move.package]]
name = "Sui"
source = { git = "https://github.com/MystenLabs/sui.git", rev = "framework/testnet", subdir = "crates/sui-framework/packages/sui-framework" }

dependencies = [
  { name = "MoveStdlib" },
]

[move.toolchain-version]
compiler-version = "1.24.1"
edition = "2024.beta"
flavor = "sui"

[env]

[env.testnet]
chain-id = "4c78adac"
original-published-id = "0x95dfc0b0dc37856b22bab8436efa2b9b3de2f2bd9d1f32de3700494b378a491f"
latest-published-id = "0x95dfc0b0dc37856b22bab8436efa2b9b3de2f2bd9d1f32de3700494b378a491f"
published-version = "1"
